// !$*UTF8*$!
{
	archiveVersion = 1;
	classes = {
	};
	objectVersion = 46;
	objects = {

/* Begin PBXBuildFile section */
		8143D02B1CE7BBE100482437 /* FlashCardViewController.swift in Sources */ = {isa = PBXBuildFile; fileRef = 8143D02A1CE7BBE100482437 /* FlashCardViewController.swift */; };
		8158C1E91CE65DF600555981 /* DeckViewData.swift in Sources */ = {isa = PBXBuildFile; fileRef = 8158C1E81CE65DF600555981 /* DeckViewData.swift */; };
		8158C1EB1CE6754B00555981 /* FlashCardSetTabViewController.swift in Sources */ = {isa = PBXBuildFile; fileRef = 8158C1EA1CE6754B00555981 /* FlashCardSetTabViewController.swift */; };
		980D17421CE636EE005DABD2 /* AppDelegate.swift in Sources */ = {isa = PBXBuildFile; fileRef = 980D17411CE636EE005DABD2 /* AppDelegate.swift */; };
		980D17441CE636EE005DABD2 /* ViewController.swift in Sources */ = {isa = PBXBuildFile; fileRef = 980D17431CE636EE005DABD2 /* ViewController.swift */; };
		980D17471CE636EE005DABD2 /* Main.storyboard in Resources */ = {isa = PBXBuildFile; fileRef = 980D17451CE636EE005DABD2 /* Main.storyboard */; };
		980D174A1CE636EE005DABD2 /* baby_flashcards.xcdatamodeld in Sources */ = {isa = PBXBuildFile; fileRef = 980D17481CE636EE005DABD2 /* baby_flashcards.xcdatamodeld */; };
		980D174C1CE636EE005DABD2 /* Assets.xcassets in Resources */ = {isa = PBXBuildFile; fileRef = 980D174B1CE636EE005DABD2 /* Assets.xcassets */; };
		980D174F1CE636EE005DABD2 /* LaunchScreen.storyboard in Resources */ = {isa = PBXBuildFile; fileRef = 980D174D1CE636EE005DABD2 /* LaunchScreen.storyboard */; };
		980D17581CE63803005DABD2 /* JumbleFlowLayout.swift in Sources */ = {isa = PBXBuildFile; fileRef = 980D17571CE63803005DABD2 /* JumbleFlowLayout.swift */; };
/* End PBXBuildFile section */

/* Begin PBXFileReference section */
		8143D02A1CE7BBE100482437 /* FlashCardViewController.swift */ = {isa = PBXFileReference; fileEncoding = 4; lastKnownFileType = sourcecode.swift; path = FlashCardViewController.swift; sourceTree = "<group>"; };
		8158C1E81CE65DF600555981 /* DeckViewData.swift */ = {isa = PBXFileReference; fileEncoding = 4; lastKnownFileType = sourcecode.swift; path = DeckViewData.swift; sourceTree = "<group>"; };
		8158C1EA1CE6754B00555981 /* FlashCardSetTabViewController.swift */ = {isa = PBXFileReference; fileEncoding = 4; lastKnownFileType = sourcecode.swift; path = FlashCardSetTabViewController.swift; sourceTree = "<group>"; };
		980D173E1CE636EE005DABD2 /* baby-flashcards.app */ = {isa = PBXFileReference; explicitFileType = wrapper.application; includeInIndex = 0; path = "baby-flashcards.app"; sourceTree = BUILT_PRODUCTS_DIR; };
		980D17411CE636EE005DABD2 /* AppDelegate.swift */ = {isa = PBXFileReference; lastKnownFileType = sourcecode.swift; path = AppDelegate.swift; sourceTree = "<group>"; };
		980D17431CE636EE005DABD2 /* ViewController.swift */ = {isa = PBXFileReference; lastKnownFileType = sourcecode.swift; path = ViewController.swift; sourceTree = "<group>"; };
		980D17461CE636EE005DABD2 /* Base */ = {isa = PBXFileReference; lastKnownFileType = file.storyboard; name = Base; path = Base.lproj/Main.storyboard; sourceTree = "<group>"; };
		980D17491CE636EE005DABD2 /* baby_flashcards.xcdatamodel */ = {isa = PBXFileReference; lastKnownFileType = wrapper.xcdatamodel; path = baby_flashcards.xcdatamodel; sourceTree = "<group>"; };
		980D174B1CE636EE005DABD2 /* Assets.xcassets */ = {isa = PBXFileReference; lastKnownFileType = folder.assetcatalog; path = Assets.xcassets; sourceTree = "<group>"; };
		980D174E1CE636EE005DABD2 /* Base */ = {isa = PBXFileReference; lastKnownFileType = file.storyboard; name = Base; path = Base.lproj/LaunchScreen.storyboard; sourceTree = "<group>"; };
		980D17501CE636EE005DABD2 /* Info.plist */ = {isa = PBXFileReference; lastKnownFileType = text.plist.xml; path = Info.plist; sourceTree = "<group>"; };
		980D17571CE63803005DABD2 /* JumbleFlowLayout.swift */ = {isa = PBXFileReference; fileEncoding = 4; lastKnownFileType = sourcecode.swift; path = JumbleFlowLayout.swift; sourceTree = "<group>"; };
/* End PBXFileReference section */

/* Begin PBXFrameworksBuildPhase section */
		980D173B1CE636EE005DABD2 /* Frameworks */ = {
			isa = PBXFrameworksBuildPhase;
			buildActionMask = 2147483647;
			files = (
			);
			runOnlyForDeploymentPostprocessing = 0;
		};
/* End PBXFrameworksBuildPhase section */

/* Begin PBXGroup section */
		8158C1E71CE65DD400555981 /* entities */ = {
			isa = PBXGroup;
			children = (
				8158C1E81CE65DF600555981 /* DeckViewData.swift */,
			);
			name = entities;
			sourceTree = "<group>";
		};
		980D17351CE636EE005DABD2 = {
			isa = PBXGroup;
			children = (
				980D17401CE636EE005DABD2 /* baby-flashcards */,
				980D173F1CE636EE005DABD2 /* Products */,
			);
			sourceTree = "<group>";
		};
		980D173F1CE636EE005DABD2 /* Products */ = {
			isa = PBXGroup;
			children = (
				980D173E1CE636EE005DABD2 /* baby-flashcards.app */,
			);
			name = Products;
			sourceTree = "<group>";
		};
		980D17401CE636EE005DABD2 /* baby-flashcards */ = {
			isa = PBXGroup;
			children = (
				8158C1E71CE65DD400555981 /* entities */,
				980D17561CE637C8005DABD2 /* views */,
				980D17411CE636EE005DABD2 /* AppDelegate.swift */,
				980D17431CE636EE005DABD2 /* ViewController.swift */,
				980D17451CE636EE005DABD2 /* Main.storyboard */,
				980D174B1CE636EE005DABD2 /* Assets.xcassets */,
				980D174D1CE636EE005DABD2 /* LaunchScreen.storyboard */,
				980D17501CE636EE005DABD2 /* Info.plist */,
				980D17481CE636EE005DABD2 /* baby_flashcards.xcdatamodeld */,
			);
			path = "baby-flashcards";
			sourceTree = "<group>";
		};
		980D17561CE637C8005DABD2 /* views */ = {
			isa = PBXGroup;
			children = (
				980D17571CE63803005DABD2 /* JumbleFlowLayout.swift */,
				8158C1EA1CE6754B00555981 /* FlashCardSetTabViewController.swift */,
				8143D02A1CE7BBE100482437 /* FlashCardViewController.swift */,
			);
			name = views;
			sourceTree = "<group>";
		};
/* End PBXGroup section */

/* Begin PBXNativeTarget section */
		980D173D1CE636EE005DABD2 /* baby-flashcards */ = {
			isa = PBXNativeTarget;
			buildConfigurationList = 980D17531CE636EE005DABD2 /* Build configuration list for PBXNativeTarget "baby-flashcards" */;
			buildPhases = (
				980D173A1CE636EE005DABD2 /* Sources */,
				980D173B1CE636EE005DABD2 /* Frameworks */,
				980D173C1CE636EE005DABD2 /* Resources */,
			);
			buildRules = (
			);
			dependencies = (
			);
			name = "baby-flashcards";
			productName = "baby-flashcards";
			productReference = 980D173E1CE636EE005DABD2 /* baby-flashcards.app */;
			productType = "com.apple.product-type.application";
		};
/* End PBXNativeTarget section */

/* Begin PBXProject section */
		980D17361CE636EE005DABD2 /* Project object */ = {
			isa = PBXProject;
			attributes = {
				LastSwiftUpdateCheck = 0730;
				LastUpgradeCheck = 0730;
				ORGANIZATIONNAME = 66Bytes;
				TargetAttributes = {
					980D173D1CE636EE005DABD2 = {
						CreatedOnToolsVersion = 7.3.1;
					};
				};
			};
			buildConfigurationList = 980D17391CE636EE005DABD2 /* Build configuration list for PBXProject "baby-flashcards" */;
			compatibilityVersion = "Xcode 3.2";
			developmentRegion = English;
			hasScannedForEncodings = 0;
			knownRegions = (
				en,
				Base,
			);
			mainGroup = 980D17351CE636EE005DABD2;
			productRefGroup = 980D173F1CE636EE005DABD2 /* Products */;
			projectDirPath = "";
			projectRoot = "";
			targets = (
				980D173D1CE636EE005DABD2 /* baby-flashcards */,
			);
		};
/* End PBXProject section */

/* Begin PBXResourcesBuildPhase section */
		980D173C1CE636EE005DABD2 /* Resources */ = {
			isa = PBXResourcesBuildPhase;
			buildActionMask = 2147483647;
			files = (
				980D174F1CE636EE005DABD2 /* LaunchScreen.storyboard in Resources */,
				980D174C1CE636EE005DABD2 /* Assets.xcassets in Resources */,
				980D17471CE636EE005DABD2 /* Main.storyboard in Resources */,
			);
			runOnlyForDeploymentPostprocessing = 0;
		};
/* End PBXResourcesBuildPhase section */

/* Begin PBXSourcesBuildPhase section */
		980D173A1CE636EE005DABD2 /* Sources */ = {
			isa = PBXSourcesBuildPhase;
			buildActionMask = 2147483647;
			files = (
				980D17441CE636EE005DABD2 /* ViewController.swift in Sources */,
				8143D02B1CE7BBE100482437 /* FlashCardViewController.swift in Sources */,
				980D17421CE636EE005DABD2 /* AppDelegate.swift in Sources */,
				8158C1EB1CE6754B00555981 /* FlashCardSetTabViewController.swift in Sources */,
				980D17581CE63803005DABD2 /* JumbleFlowLayout.swift in Sources */,
				8158C1E91CE65DF600555981 /* DeckViewData.swift in Sources */,
				980D174A1CE636EE005DABD2 /* baby_flashcards.xcdatamodeld in Sources */,
			);
			runOnlyForDeploymentPostprocessing = 0;
		};
/* End PBXSourcesBuildPhase section */

/* Begin PBXVariantGroup section */
		980D17451CE636EE005DABD2 /* Main.storyboard */ = {
			isa = PBXVariantGroup;
			children = (
				980D17461CE636EE005DABD2 /* Base */,
			);
			name = Main.storyboard;
			sourceTree = "<group>";
		};
		980D174D1CE636EE005DABD2 /* LaunchScreen.storyboard */ = {
			isa = PBXVariantGroup;
			children = (
				980D174E1CE636EE005DABD2 /* Base */,
			);
			name = LaunchScreen.storyboard;
			sourceTree = "<group>";
		};
/* End PBXVariantGroup section */

/* Begin XCBuildConfiguration section */
		980D17511CE636EE005DABD2 /* Debug */ = {
			isa = XCBuildConfiguration;
			buildSettings = {
				ALWAYS_SEARCH_USER_PATHS = NO;
				CLANG_ANALYZER_NONNULL = YES;
				CLANG_CXX_LANGUAGE_STANDARD = "gnu++0x";
				CLANG_CXX_LIBRARY = "libc++";
				CLANG_ENABLE_MODULES = YES;
				CLANG_ENABLE_OBJC_ARC = YES;
				CLANG_WARN_BOOL_CONVERSION = YES;
				CLANG_WARN_CONSTANT_CONVERSION = YES;
				CLANG_WARN_DIRECT_OBJC_ISA_USAGE = YES_ERROR;
				CLANG_WARN_EMPTY_BODY = YES;
				CLANG_WARN_ENUM_CONVERSION = YES;
				CLANG_WARN_INT_CONVERSION = YES;
				CLANG_WARN_OBJC_ROOT_CLASS = YES_ERROR;
				CLANG_WARN_UNREACHABLE_CODE = YES;
				CLANG_WARN__DUPLICATE_METHOD_MATCH = YES;
				"CODE_SIGN_IDENTITY[sdk=iphoneos*]" = "iPhone Developer";
				COPY_PHASE_STRIP = NO;
				DEBUG_INFORMATION_FORMAT = dwarf;
				ENABLE_STRICT_OBJC_MSGSEND = YES;
				ENABLE_TESTABILITY = YES;
				GCC_C_LANGUAGE_STANDARD = gnu99;
				GCC_DYNAMIC_NO_PIC = NO;
				GCC_NO_COMMON_BLOCKS = YES;
				GCC_OPTIMIZATION_LEVEL = 0;
				GCC_PREPROCESSOR_DEFINITIONS = (
					"DEBUG=1",
					"$(inherited)",
				);
				GCC_WARN_64_TO_32_BIT_CONVERSION = YES;
				GCC_WARN_ABOUT_RETURN_TYPE = YES_ERROR;
				GCC_WARN_UNDECLARED_SELECTOR = YES;
				GCC_WARN_UNINITIALIZED_AUTOS = YES_AGGRESSIVE;
				GCC_WARN_UNUSED_FUNCTION = YES;
				GCC_WARN_UNUSED_VARIABLE = YES;
				IPHONEOS_DEPLOYMENT_TARGET = 9.3;
				MTL_ENABLE_DEBUG_INFO = YES;
				ONLY_ACTIVE_ARCH = YES;
				SDKROOT = iphoneos;
				SWIFT_OPTIMIZATION_LEVEL = "-Onone";
				TARGETED_DEVICE_FAMILY = "1,2";
			};
			name = Debug;
		};
		980D17521CE636EE005DABD2 /* Release */ = {
			isa = XCBuildConfiguration;
			buildSettings = {
				ALWAYS_SEARCH_USER_PATHS = NO;
				CLANG_ANALYZER_NONNULL = YES;
				CLANG_CXX_LANGUAGE_STANDARD = "gnu++0x";
				CLANG_CXX_LIBRARY = "libc++";
				CLANG_ENABLE_MODULES = YES;
				CLANG_ENABLE_OBJC_ARC = YES;
				CLANG_WARN_BOOL_CONVERSION = YES;
				CLANG_WARN_CONSTANT_CONVERSION = YES;
				CLANG_WARN_DIRECT_OBJC_ISA_USAGE = YES_ERROR;
				CLANG_WARN_EMPTY_BODY = YES;
				CLANG_WARN_ENUM_CONVERSION = YES;
				CLANG_WARN_INT_CONVERSION = YES;
				CLANG_WARN_OBJC_ROOT_CLASS = YES_ERROR;
				CLANG_WARN_UNREACHABLE_CODE = YES;
				CLANG_WARN__DUPLICATE_METHOD_MATCH = YES;
				"CODE_SIGN_IDENTITY[sdk=iphoneos*]" = "iPhone Developer";
				COPY_PHASE_STRIP = NO;
				DEBUG_INFORMATION_FORMAT = "dwarf-with-dsym";
				ENABLE_NS_ASSERTIONS = NO;
				ENABLE_STRICT_OBJC_MSGSEND = YES;
				GCC_C_LANGUAGE_STANDARD = gnu99;
				GCC_NO_COMMON_BLOCKS = YES;
				GCC_WARN_64_TO_32_BIT_CONVERSION = YES;
				GCC_WARN_ABOUT_RETURN_TYPE = YES_ERROR;
				GCC_WARN_UNDECLARED_SELECTOR = YES;
				GCC_WARN_UNINITIALIZED_AUTOS = YES_AGGRESSIVE;
				GCC_WARN_UNUSED_FUNCTION = YES;
				GCC_WARN_UNUSED_VARIABLE = YES;
				IPHONEOS_DEPLOYMENT_TARGET = 9.3;
				MTL_ENABLE_DEBUG_INFO = NO;
				SDKROOT = iphoneos;
				TARGETED_DEVICE_FAMILY = "1,2";
				VALIDATE_PRODUCT = YES;
			};
			name = Release;
		};
		980D17541CE636EE005DABD2 /* Debug */ = {
			isa = XCBuildConfiguration;
			buildSettings = {
				ASSETCATALOG_COMPILER_APPICON_NAME = AppIcon;
				INFOPLIST_FILE = "baby-flashcards/Info.plist";
				LD_RUNPATH_SEARCH_PATHS = "$(inherited) @executable_path/Frameworks";
				PRODUCT_BUNDLE_IDENTIFIER = "-6Bytes.baby-flashcards";
				PRODUCT_NAME = "$(TARGET_NAME)";
			};
			name = Debug;
		};
		980D17551CE636EE005DABD2 /* Release */ = {
			isa = XCBuildConfiguration;
			buildSettings = {
				ASSETCATALOG_COMPILER_APPICON_NAME = AppIcon;
				INFOPLIST_FILE = "baby-flashcards/Info.plist";
				LD_RUNPATH_SEARCH_PATHS = "$(inherited) @executable_path/Frameworks";
				PRODUCT_BUNDLE_IDENTIFIER = "-6Bytes.baby-flashcards";
				PRODUCT_NAME = "$(TARGET_NAME)";
			};
			name = Release;
		};
/* End XCBuildConfiguration section */

/* Begin XCConfigurationList section */
		980D17391CE636EE005DABD2 /* Build configuration list for PBXProject "baby-flashcards" */ = {
			isa = XCConfigurationList;
			buildConfigurations = (
				980D17511CE636EE005DABD2 /* Debug */,
				980D17521CE636EE005DABD2 /* Release */,
			);
			defaultConfigurationIsVisible = 0;
			defaultConfigurationName = Release;
		};
		980D17531CE636EE005DABD2 /* Build configuration list for PBXNativeTarget "baby-flashcards" */ = {
			isa = XCConfigurationList;
			buildConfigurations = (
				980D17541CE636EE005DABD2 /* Debug */,
				980D17551CE636EE005DABD2 /* Release */,
			);
			defaultConfigurationIsVisible = 0;
			defaultConfigurationName = Release;
		};
/* End XCConfigurationList section */

/* Begin XCVersionGroup section */
		980D17481CE636EE005DABD2 /* baby_flashcards.xcdatamodeld */ = {
			isa = XCVersionGroup;
			children = (
				980D17491CE636EE005DABD2 /* baby_flashcards.xcdatamodel */,
			);
			currentVersion = 980D17491CE636EE005DABD2 /* baby_flashcards.xcdatamodel */;
			path = baby_flashcards.xcdatamodeld;
			sourceTree = "<group>";
			versionGroupType = wrapper.xcdatamodel;
		};
/* End XCVersionGroup section */
	};
	rootObject = 980D17361CE636EE005DABD2 /* Project object */;
}
